
Microsoft Visual Studio Solution File, Format Version 12.00
# Visual Studio 15
VisualStudioVersion = 15.0.28307.421
MinimumVisualStudioVersion = 10.0.40219.1
Project("{FAE04EC0-301F-11D3-BF4B-00C04F79EFBC}") = "Prueba.CSharp.ConsoleApp1", "Prueba.CSharp.ConsoleApp1\Prueba.CSharp.ConsoleApp1.csproj", "{42638824-216F-4E5F-B6C5-C7491D215BBF}"
EndProject
Global
	GlobalSection(SolutionConfigurationPlatforms) = preSolution
		Debug|Any CPU = Debug|Any CPU
		Release|Any CPU = Release|Any CPU
	EndGlobalSection
	GlobalSection(ProjectConfigurationPlatforms) = postSolution
		{42638824-216F-4E5F-B6C5-C7491D215BBF}.Debug|Any CPU.ActiveCfg = Debug|Any CPU
		{42638824-216F-4E5F-B6C5-C7491D215BBF}.Debug|Any CPU.Build.0 = Debug|Any CPU
		{42638824-216F-4E5F-B6C5-C7491D215BBF}.Release|Any CPU.ActiveCfg = Release|Any CPU
		{42638824-216F-4E5F-B6C5-C7491D215BBF}.Release|Any CPU.Build.0 = Release|Any CPU
	EndGlobalSection
	GlobalSection(SolutionProperties) = preSolution
		HideSolutionNode = FALSE
	EndGlobalSection
	GlobalSection(ExtensibilityGlobals) = postSolution
		SolutionGuid = {C4FCE068-2E81-464E-A6F4-2A7EA03B0B15}
	EndGlobalSection
EndGlobal
